version: 1
checksums:
  48c95d370f0eae38ad2d9bf8368264da99f6a95b7b45d18ba8f14a932015ce13:
    brand/name: 2247d3c327521d6925560661cc3ac08703150d6bd546fb7b49c4354e49079574
  c0c751112ec03fafd7030f6e957a0684ff6e294129e7748f4604f902190a0626:
    welcome: 280d44ab1e9f79b5cce2dd4f58f5fe91f0fbacdac9f7447dffc318ceb79f2d02
  b7948c0657699f9964a4718aebb606494f88ea0b6f605eed58df3ab06a142c90:
    cta: 061ab7e7d3b73063bc35ef643b565e0f3ec4e97a012bac0d9379e0af007106e8
  e60f4a2107671f011fe859e61bce00bfda51cf1c96759c23ed40dd2cd548a89c:
    icu: ab6a52ad52e69ea708d6af7e009bd2d1b6258486816c40edaefb6163a489eca0
  cc5f0ff7e8172bb7186e264291051ecd1ed0a2614fe367d98a3546617807d667:
    html: e5e239560bc125a20ff2ac1fea50915bc198dd4f5b5256ec447a8a71e00132b3
  04ab50288007fb109b6cc53c060a20ae17fd1c8ca2137f0abe800d0a33cce099:
    config/apiUrl: ef522dd74faa94979c064837bbbb7144f1603ccc554e928fcda2417fc8f4c056
  6e13928eb7920f4cd101f45e63cc9c15d12dc1d290940fec679d6d1d6ea9348a:
    config/build: 5e1bfda520486fc3282c16acf326bd3c91654faad30828e9e9c0d3a1ca1119e6
  fc021c475fb65b60744454913f161d16bb4bdb6646c9c46342001f7fd51cbde6:
    releaseNotes/manualOverride: eb920044b14a9355fd2416bb1a6cffd05b27f5a04768747769d838b78a05c5ca
  76099fd25af50e6e9062aa3c2f62570ae96640169eedd7fd30b16ec3970b48df:
    support/tagline: b5a5dbae1da26df87ef3936bbc1da3a2bee078ddcd92386559424c5a0f91b2fc
    footer/tagline: d939278af3a5990b2ef320c05916572fc831d220549ea9fe289602197da44506
  46f2b6d033576f9aaab5de68b682dbf03ee25d9639147322c14a754549b0ea3b:
    docs/product.md#frontmatter/title: 670068c548674d072879d56d6ec8a16226082e374798302dd31223cc1e59c8fd
  ca234318c52e34de43e6966185cb55836a833ddf2383d11f5b460e2d5ea66b10:
    docs/product.md#heading/1: 71324c7f808510b61fb3664380500803b9ef182d9d1241e34c66729e15a4fbcc
  360cee862cde93b91fde825d9334901bf5a979c45a318b0a6864fcbfecb0625a:
    docs/product.md#paragraph/1: 24830406137f88c78c3bb57e2b36b799f4d2160ec6b35fc7ed1d663e27796a05
  0c52e8f5c6abe9782c1dd4148741eda0545f85771a0c2dbdf857aab4bf7775c8:
    docs/product.md#quote/1: 740318f0e9bd9d9fd85ae0c4ea8e911c7a8200706c67c18e31e972370b4b60fe
